
Microsoft Visual Studio Solution File, Format Version 12.00
# Visual Studio Version 17
VisualStudioVersion = 17.4.33103.184
MinimumVisualStudioVersion = 10.0.40219.1
Project("{FAE04EC0-301F-11D3-BF4B-00C04F79EFBC}") = "TRPO_9", "TRPO_9\TRPO_9.csproj", "{74148405-E76D-45D2-94A3-33FB153C8627}"
EndProject
Global
	GlobalSection(SolutionConfigurationPlatforms) = preSolution
		Debug|Any CPU = Debug|Any CPU
		Release|Any CPU = Release|Any CPU
	EndGlobalSection
	GlobalSection(ProjectConfigurationPlatforms) = postSolution
		{74148405-E76D-45D2-94A3-33FB153C8627}.Debug|Any CPU.ActiveCfg = Debug|Any CPU
		{74148405-E76D-45D2-94A3-33FB153C8627}.Debug|Any CPU.Build.0 = Debug|Any CPU
		{74148405-E76D-45D2-94A3-33FB153C8627}.Release|Any CPU.ActiveCfg = Release|Any CPU
		{74148405-E76D-45D2-94A3-33FB153C8627}.Release|Any CPU.Build.0 = Release|Any CPU
	EndGlobalSection
	GlobalSection(SolutionProperties) = preSolution
		HideSolutionNode = FALSE
	EndGlobalSection
	GlobalSection(ExtensibilityGlobals) = postSolution
		SolutionGuid = {B992AB75-9DFB-438A-8E70-8CB96A067800}
	EndGlobalSection
EndGlobal
